
Microsoft Visual Studio Solution File, Format Version 12.00
# Visual Studio 15
VisualStudioVersion = 15.0.28307.572
MinimumVisualStudioVersion = 10.0.40219.1
Project("{2150E333-8FDC-42A3-9474-1A3956D46DE8}") = "Solution Items", "Solution Items", "{6208726D-25D7-4956-847E-812322BC2402}"
	ProjectSection(SolutionItems) = preProject
		Readme.md = Readme.md
	EndProjectSection
EndProject
Project("{FAE04EC0-301F-11D3-BF4B-00C04F79EFBC}") = "Void.Box", "Void.Box\Void.Box.csproj", "{F714F9DB-1D36-4A7B-8BF8-21229B26535E}"
EndProject
Project("{FAE04EC0-301F-11D3-BF4B-00C04F79EFBC}") = "Void.Box.Tests", "Void.Box.Tests\Void.Box.Tests.csproj", "{CD7A5975-A949-40C1-BC0A-F071268DC636}"
EndProject
Project("{2150E333-8FDC-42A3-9474-1A3956D46DE8}") = "Tests", "Tests", "{739D441A-9068-4CB5-822D-CE809EFE1122}"
EndProject
Global
	GlobalSection(SolutionConfigurationPlatforms) = preSolution
		Debug|Any CPU = Debug|Any CPU
		Release|Any CPU = Release|Any CPU
	EndGlobalSection
	GlobalSection(ProjectConfigurationPlatforms) = postSolution
		{F714F9DB-1D36-4A7B-8BF8-21229B26535E}.Debug|Any CPU.ActiveCfg = Debug|Any CPU
		{F714F9DB-1D36-4A7B-8BF8-21229B26535E}.Debug|Any CPU.Build.0 = Debug|Any CPU
		{F714F9DB-1D36-4A7B-8BF8-21229B26535E}.Release|Any CPU.ActiveCfg = Release|Any CPU
		{F714F9DB-1D36-4A7B-8BF8-21229B26535E}.Release|Any CPU.Build.0 = Release|Any CPU
		{CD7A5975-A949-40C1-BC0A-F071268DC636}.Debug|Any CPU.ActiveCfg = Debug|Any CPU
		{CD7A5975-A949-40C1-BC0A-F071268DC636}.Debug|Any CPU.Build.0 = Debug|Any CPU
		{CD7A5975-A949-40C1-BC0A-F071268DC636}.Release|Any CPU.ActiveCfg = Release|Any CPU
		{CD7A5975-A949-40C1-BC0A-F071268DC636}.Release|Any CPU.Build.0 = Release|Any CPU
	EndGlobalSection
	GlobalSection(SolutionProperties) = preSolution
		HideSolutionNode = FALSE
	EndGlobalSection
	GlobalSection(NestedProjects) = preSolution
		{CD7A5975-A949-40C1-BC0A-F071268DC636} = {739D441A-9068-4CB5-822D-CE809EFE1122}
	EndGlobalSection
	GlobalSection(ExtensibilityGlobals) = postSolution
		SolutionGuid = {417383D7-71F3-45A0-BDC7-D60F48FF8B86}
	EndGlobalSection
EndGlobal
